hash: 761e443b236a2651920ea60a7ed23e0547842be2e7f61e19fe1fe37ce76486c9
updated: 2016-07-19T14:10:09.754763774+02:00
imports:
- name: github.com/beorn7/perks
  version: 4a8dce34cb7176d68b9031857e7a0b94e1413421
  subpackages:
  - quantile
- name: github.com/coreos/etcd
  version: 4a8dce34cb7176d68b9031857e7a0b94e1413421
  subpackages:
  - client
  - error
  - pkg/pathutil
  - pkg/types
- name: github.com/coreos/go-semver
  version: 4a8dce34cb7176d68b9031857e7a0b94e1413421
  subpackages:
  - semver
- name: github.com/coreos/go-systemd
  version: 4a8dce34cb7176d68b9031857e7a0b94e1413421
  subpackages:
  - activation
  - dbus
  - unit
- name: github.com/glacjay/goini
  version: 4a8dce34cb7176d68b9031857e7a0b94e1413421
- name: github.com/godbus/dbus
  version: 4a8dce34cb7176d68b9031857e7a0b94e1413421
- name: github.com/golang/protobuf
  version: 4a8dce34cb7176d68b9031857e7a0b94e1413421
  subpackages:
  - proto
- name: github.com/gogo/protobuf
  version: d3235f01ecae4901dd9f7ea6af57a352c0189deb
  subpackages:
  - gogoproto
  - proto
- name: github.com/gogo/protobuf/protoc-gen-gogo
  version: d3235f01ecae4901dd9f7ea6af57a352c0189deb
  subpackages:
  - descriptor
- name: github.com/inconshreveable/mousetrap
  version: 4a8dce34cb7176d68b9031857e7a0b94e1413421
- name: github.com/jonboulle/clockwork
  version: 4a8dce34cb7176d68b9031857e7a0b94e1413421
- name: github.com/matttproud/golang_protobuf_extensions
  version: 4a8dce34cb7176d68b9031857e7a0b94e1413421
  subpackages:
  - pbutil
- name: github.com/pborman/uuid
  version: 4a8dce34cb7176d68b9031857e7a0b94e1413421
- name: github.com/prometheus/client_golang
  version: 4a8dce34cb7176d68b9031857e7a0b94e1413421
  subpackages:
  - prometheus
- name: github.com/prometheus/client_model
  version: 4a8dce34cb7176d68b9031857e7a0b94e1413421
  subpackages:
  - go
- name: github.com/prometheus/common
  version: 4a8dce34cb7176d68b9031857e7a0b94e1413421
  subpackages:
  - expfmt
  - internal/bitbucket.org/ww/goautoneg
  - model
- name: github.com/prometheus/procfs
  version: 4a8dce34cb7176d68b9031857e7a0b94e1413421
- name: github.com/rakyll/globalconf
  version: 4a8dce34cb7176d68b9031857e7a0b94e1413421
- name: github.com/spf13/cobra
  version: 4a8dce34cb7176d68b9031857e7a0b94e1413421
- name: github.com/spf13/pflag
  version: 4a8dce34cb7176d68b9031857e7a0b94e1413421
- name: github.com/ugorji/go
  version: 4a8dce34cb7176d68b9031857e7a0b94e1413421
  subpackages:
  - codec
- name: github.com/vishvananda/netlink
  version: 4a8dce34cb7176d68b9031857e7a0b94e1413421
  subpackages:
  - nl
- name: github.com/vishvananda/netns
  version: 4a8dce34cb7176d68b9031857e7a0b94e1413421
- name: golang.org/x/crypto
  version: 4a8dce34cb7176d68b9031857e7a0b94e1413421
  subpackages:
  - ssh
  - ssh/agent
  - ssh/terminal
  - curve25519
  - ed25519
  - ed25519/internal/edwards25519
- name: golang.org/x/net
  version: 4a8dce34cb7176d68b9031857e7a0b94e1413421
  subpackages:
  - context
  - http2
  - trace
  - http2/hpack
  - internal
- name: google.golang.org/api
  version: 4a8dce34cb7176d68b9031857e7a0b94e1413421
  subpackages:
  - googleapi
  - googleapi/internal/uritemplates
- name: google.golang.org/grpc
  version: 178b68e2819d3ed711040301c12f3f97b6c270ce
  subpackages:
  - codes
  - credentials
  - grpclog
  - metadata
  - naming
  - transport
  - peer
testImports: []
